
Microsoft Visual Studio Solution File, Format Version 12.00
# Visual Studio 15
VisualStudioVersion = 15.0.28307.1831
MinimumVisualStudioVersion = 10.0.40219.1
Project("{FAE04EC0-301F-11D3-BF4B-00C04F79EFBC}") = "QuanLiSinhVien", "QuanLiSinhVien\QuanLiSinhVien.csproj", "{A941F392-02AC-4484-8393-296F1F01DFDB}"
EndProject
Global
	GlobalSection(SolutionConfigurationPlatforms) = preSolution
		Debug|Any CPU = Debug|Any CPU
		Release|Any CPU = Release|Any CPU
	EndGlobalSection
	GlobalSection(ProjectConfigurationPlatforms) = postSolution
		{A941F392-02AC-4484-8393-296F1F01DFDB}.Debug|Any CPU.ActiveCfg = Debug|Any CPU
		{A941F392-02AC-4484-8393-296F1F01DFDB}.Debug|Any CPU.Build.0 = Debug|Any CPU
		{A941F392-02AC-4484-8393-296F1F01DFDB}.Release|Any CPU.ActiveCfg = Release|Any CPU
		{A941F392-02AC-4484-8393-296F1F01DFDB}.Release|Any CPU.Build.0 = Release|Any CPU
	EndGlobalSection
	GlobalSection(SolutionProperties) = preSolution
		HideSolutionNode = FALSE
	EndGlobalSection
	GlobalSection(ExtensibilityGlobals) = postSolution
		SolutionGuid = {A5E06D33-3E68-4D0D-BA4E-B4C9069645ED}
	EndGlobalSection
EndGlobal
